
Microsoft Visual Studio Solution File, Format Version 12.00
# Visual Studio Version 17
VisualStudioVersion = 17.4.33205.214
MinimumVisualStudioVersion = 10.0.40219.1
Project("{9A19103F-16F7-4668-BE54-9A1E7A4F7556}") = "Client-Console", "Client-Console\Client-Console.csproj", "{7A9C2957-1FBC-4205-9385-3DC276903D0A}"
EndProject
Project("{9A19103F-16F7-4668-BE54-9A1E7A4F7556}") = "Client-Ava", "Client-Ava\Client-Ava.csproj", "{2B3113B0-CDA0-431A-A158-0E4782998587}"
EndProject
Project("{9A19103F-16F7-4668-BE54-9A1E7A4F7556}") = "Server", "Server\Server.csproj", "{A3272615-41B4-458E-97E4-4E95C911B9F6}"
EndProject
Project("{FAE04EC0-301F-11D3-BF4B-00C04F79EFBC}") = "Client", "Client\Client.csproj", "{B840AB8B-0270-40FA-A4F5-9AD51E26826C}"
EndProject
Global
	GlobalSection(SolutionConfigurationPlatforms) = preSolution
		Debug|Any CPU = Debug|Any CPU
		Debug|ARM64 = Debug|ARM64
		Debug|x64 = Debug|x64
		Debug|x86 = Debug|x86
		Release|Any CPU = Release|Any CPU
		Release|ARM64 = Release|ARM64
		Release|x64 = Release|x64
		Release|x86 = Release|x86
	EndGlobalSection
	GlobalSection(ProjectConfigurationPlatforms) = postSolution
		{7A9C2957-1FBC-4205-9385-3DC276903D0A}.Debug|Any CPU.ActiveCfg = Debug|Any CPU
		{7A9C2957-1FBC-4205-9385-3DC276903D0A}.Debug|Any CPU.Build.0 = Debug|Any CPU
		{7A9C2957-1FBC-4205-9385-3DC276903D0A}.Debug|ARM64.ActiveCfg = Debug|Any CPU
		{7A9C2957-1FBC-4205-9385-3DC276903D0A}.Debug|ARM64.Build.0 = Debug|Any CPU
		{7A9C2957-1FBC-4205-9385-3DC276903D0A}.Debug|x64.ActiveCfg = Debug|Any CPU
		{7A9C2957-1FBC-4205-9385-3DC276903D0A}.Debug|x64.Build.0 = Debug|Any CPU
		{7A9C2957-1FBC-4205-9385-3DC276903D0A}.Debug|x86.ActiveCfg = Debug|Any CPU
		{7A9C2957-1FBC-4205-9385-3DC276903D0A}.Debug|x86.Build.0 = Debug|Any CPU
		{7A9C2957-1FBC-4205-9385-3DC276903D0A}.Release|Any CPU.ActiveCfg = Release|Any CPU
		{7A9C2957-1FBC-4205-9385-3DC276903D0A}.Release|Any CPU.Build.0 = Release|Any CPU
		{7A9C2957-1FBC-4205-9385-3DC276903D0A}.Release|ARM64.ActiveCfg = Release|Any CPU
		{7A9C2957-1FBC-4205-9385-3DC276903D0A}.Release|ARM64.Build.0 = Release|Any CPU
		{7A9C2957-1FBC-4205-9385-3DC276903D0A}.Release|x64.ActiveCfg = Release|Any CPU
		{7A9C2957-1FBC-4205-9385-3DC276903D0A}.Release|x64.Build.0 = Release|Any CPU
		{7A9C2957-1FBC-4205-9385-3DC276903D0A}.Release|x86.ActiveCfg = Release|Any CPU
		{7A9C2957-1FBC-4205-9385-3DC276903D0A}.Release|x86.Build.0 = Release|Any CPU
		{2B3113B0-CDA0-431A-A158-0E4782998587}.Debug|Any CPU.ActiveCfg = Debug|Any CPU
		{2B3113B0-CDA0-431A-A158-0E4782998587}.Debug|Any CPU.Build.0 = Debug|Any CPU
		{2B3113B0-CDA0-431A-A158-0E4782998587}.Debug|ARM64.ActiveCfg = Debug|Any CPU
		{2B3113B0-CDA0-431A-A158-0E4782998587}.Debug|ARM64.Build.0 = Debug|Any CPU
		{2B3113B0-CDA0-431A-A158-0E4782998587}.Debug|x64.ActiveCfg = Debug|Any CPU
		{2B3113B0-CDA0-431A-A158-0E4782998587}.Debug|x64.Build.0 = Debug|Any CPU
		{2B3113B0-CDA0-431A-A158-0E4782998587}.Debug|x86.ActiveCfg = Debug|Any CPU
		{2B3113B0-CDA0-431A-A158-0E4782998587}.Debug|x86.Build.0 = Debug|Any CPU
		{2B3113B0-CDA0-431A-A158-0E4782998587}.Release|Any CPU.ActiveCfg = Release|Any CPU
		{2B3113B0-CDA0-431A-A158-0E4782998587}.Release|Any CPU.Build.0 = Release|Any CPU
		{2B3113B0-CDA0-431A-A158-0E4782998587}.Release|ARM64.ActiveCfg = Release|Any CPU
		{2B3113B0-CDA0-431A-A158-0E4782998587}.Release|ARM64.Build.0 = Release|Any CPU
		{2B3113B0-CDA0-431A-A158-0E4782998587}.Release|x64.ActiveCfg = Release|Any CPU
		{2B3113B0-CDA0-431A-A158-0E4782998587}.Release|x64.Build.0 = Release|Any CPU
		{2B3113B0-CDA0-431A-A158-0E4782998587}.Release|x86.ActiveCfg = Release|Any CPU
		{2B3113B0-CDA0-431A-A158-0E4782998587}.Release|x86.Build.0 = Release|Any CPU
		{A3272615-41B4-458E-97E4-4E95C911B9F6}.Debug|Any CPU.ActiveCfg = Debug|Any CPU
		{A3272615-41B4-458E-97E4-4E95C911B9F6}.Debug|Any CPU.Build.0 = Debug|Any CPU
		{A3272615-41B4-458E-97E4-4E95C911B9F6}.Debug|ARM64.ActiveCfg = Debug|Any CPU
		{A3272615-41B4-458E-97E4-4E95C911B9F6}.Debug|ARM64.Build.0 = Debug|Any CPU
		{A3272615-41B4-458E-97E4-4E95C911B9F6}.Debug|x64.ActiveCfg = Debug|Any CPU
		{A3272615-41B4-458E-97E4-4E95C911B9F6}.Debug|x64.Build.0 = Debug|Any CPU
		{A3272615-41B4-458E-97E4-4E95C911B9F6}.Debug|x86.ActiveCfg = Debug|Any CPU
		{A3272615-41B4-458E-97E4-4E95C911B9F6}.Debug|x86.Build.0 = Debug|Any CPU
		{A3272615-41B4-458E-97E4-4E95C911B9F6}.Release|Any CPU.ActiveCfg = Release|Any CPU
		{A3272615-41B4-458E-97E4-4E95C911B9F6}.Release|Any CPU.Build.0 = Release|Any CPU
		{A3272615-41B4-458E-97E4-4E95C911B9F6}.Release|ARM64.ActiveCfg = Release|Any CPU
		{A3272615-41B4-458E-97E4-4E95C911B9F6}.Release|ARM64.Build.0 = Release|Any CPU
		{A3272615-41B4-458E-97E4-4E95C911B9F6}.Release|x64.ActiveCfg = Release|Any CPU
		{A3272615-41B4-458E-97E4-4E95C911B9F6}.Release|x64.Build.0 = Release|Any CPU
		{A3272615-41B4-458E-97E4-4E95C911B9F6}.Release|x86.ActiveCfg = Release|Any CPU
		{A3272615-41B4-458E-97E4-4E95C911B9F6}.Release|x86.Build.0 = Release|Any CPU
		{B840AB8B-0270-40FA-A4F5-9AD51E26826C}.Debug|Any CPU.ActiveCfg = Debug|Any CPU
		{B840AB8B-0270-40FA-A4F5-9AD51E26826C}.Debug|Any CPU.Build.0 = Debug|Any CPU
		{B840AB8B-0270-40FA-A4F5-9AD51E26826C}.Debug|ARM64.ActiveCfg = Debug|Any CPU
		{B840AB8B-0270-40FA-A4F5-9AD51E26826C}.Debug|ARM64.Build.0 = Debug|Any CPU
		{B840AB8B-0270-40FA-A4F5-9AD51E26826C}.Debug|x64.ActiveCfg = Debug|Any CPU
		{B840AB8B-0270-40FA-A4F5-9AD51E26826C}.Debug|x64.Build.0 = Debug|Any CPU
		{B840AB8B-0270-40FA-A4F5-9AD51E26826C}.Debug|x86.ActiveCfg = Debug|Any CPU
		{B840AB8B-0270-40FA-A4F5-9AD51E26826C}.Debug|x86.Build.0 = Debug|Any CPU
		{B840AB8B-0270-40FA-A4F5-9AD51E26826C}.Release|Any CPU.ActiveCfg = Release|Any CPU
		{B840AB8B-0270-40FA-A4F5-9AD51E26826C}.Release|Any CPU.Build.0 = Release|Any CPU
		{B840AB8B-0270-40FA-A4F5-9AD51E26826C}.Release|ARM64.ActiveCfg = Release|Any CPU
		{B840AB8B-0270-40FA-A4F5-9AD51E26826C}.Release|ARM64.Build.0 = Release|Any CPU
		{B840AB8B-0270-40FA-A4F5-9AD51E26826C}.Release|x64.ActiveCfg = Release|Any CPU
		{B840AB8B-0270-40FA-A4F5-9AD51E26826C}.Release|x64.Build.0 = Release|Any CPU
		{B840AB8B-0270-40FA-A4F5-9AD51E26826C}.Release|x86.ActiveCfg = Release|Any CPU
		{B840AB8B-0270-40FA-A4F5-9AD51E26826C}.Release|x86.Build.0 = Release|Any CPU
	EndGlobalSection
	GlobalSection(SolutionProperties) = preSolution
		HideSolutionNode = FALSE
	EndGlobalSection
	GlobalSection(ExtensibilityGlobals) = postSolution
		SolutionGuid = {9EF76FCE-0B05-4185-8C3A-D21C643C0343}
	EndGlobalSection
EndGlobal
